
Microsoft Visual Studio Solution File, Format Version 12.00
# Visual Studio Version 16
VisualStudioVersion = 16.0.31624.102
MinimumVisualStudioVersion = 10.0.40219.1
Project("{9A19103F-16F7-4668-BE54-9A1E7A4F7556}") = "SList.Domain", "SList.Domain\SList.Domain.csproj", "{6C1B94CC-A9CD-4831-9E14-5566D38D75A0}"
EndProject
Project("{9A19103F-16F7-4668-BE54-9A1E7A4F7556}") = "SList.API", "SList.API\SList.API.csproj", "{CCA8F0A6-0ED5-46BD-81B7-2C68B0C20FE0}"
EndProject
Project("{FAE04EC0-301F-11D3-BF4B-00C04F79EFBC}") = "SList.Infrastructure", "SList.Infrastructure\SList.Infrastructure.csproj", "{226BB035-722E-4158-AEDE-C9B5C543FFF0}"
EndProject
Project("{FAE04EC0-301F-11D3-BF4B-00C04F79EFBC}") = "SList.Commons", "SList.Commons\SList.Commons.csproj", "{74678081-801F-4D20-A077-BDCE67303782}"
EndProject
Global
	GlobalSection(SolutionConfigurationPlatforms) = preSolution
		Debug|Any CPU = Debug|Any CPU
		Release|Any CPU = Release|Any CPU
	EndGlobalSection
	GlobalSection(ProjectConfigurationPlatforms) = postSolution
		{6C1B94CC-A9CD-4831-9E14-5566D38D75A0}.Debug|Any CPU.ActiveCfg = Debug|Any CPU
		{6C1B94CC-A9CD-4831-9E14-5566D38D75A0}.Debug|Any CPU.Build.0 = Debug|Any CPU
		{6C1B94CC-A9CD-4831-9E14-5566D38D75A0}.Release|Any CPU.ActiveCfg = Release|Any CPU
		{6C1B94CC-A9CD-4831-9E14-5566D38D75A0}.Release|Any CPU.Build.0 = Release|Any CPU
		{CCA8F0A6-0ED5-46BD-81B7-2C68B0C20FE0}.Debug|Any CPU.ActiveCfg = Debug|Any CPU
		{CCA8F0A6-0ED5-46BD-81B7-2C68B0C20FE0}.Debug|Any CPU.Build.0 = Debug|Any CPU
		{CCA8F0A6-0ED5-46BD-81B7-2C68B0C20FE0}.Release|Any CPU.ActiveCfg = Release|Any CPU
		{CCA8F0A6-0ED5-46BD-81B7-2C68B0C20FE0}.Release|Any CPU.Build.0 = Release|Any CPU
		{226BB035-722E-4158-AEDE-C9B5C543FFF0}.Debug|Any CPU.ActiveCfg = Debug|Any CPU
		{226BB035-722E-4158-AEDE-C9B5C543FFF0}.Debug|Any CPU.Build.0 = Debug|Any CPU
		{226BB035-722E-4158-AEDE-C9B5C543FFF0}.Release|Any CPU.ActiveCfg = Release|Any CPU
		{226BB035-722E-4158-AEDE-C9B5C543FFF0}.Release|Any CPU.Build.0 = Release|Any CPU
		{74678081-801F-4D20-A077-BDCE67303782}.Debug|Any CPU.ActiveCfg = Debug|Any CPU
		{74678081-801F-4D20-A077-BDCE67303782}.Debug|Any CPU.Build.0 = Debug|Any CPU
		{74678081-801F-4D20-A077-BDCE67303782}.Release|Any CPU.ActiveCfg = Release|Any CPU
		{74678081-801F-4D20-A077-BDCE67303782}.Release|Any CPU.Build.0 = Release|Any CPU
	EndGlobalSection
	GlobalSection(SolutionProperties) = preSolution
		HideSolutionNode = FALSE
	EndGlobalSection
	GlobalSection(ExtensibilityGlobals) = postSolution
		SolutionGuid = {BFC47661-CC86-4795-A7A9-B1CEF8261202}
	EndGlobalSection
EndGlobal
